// !$*UTF8*$!
{
	archiveVersion = 1;
	classes = {
	};
	objectVersion = 50;
	objects = {

/* Begin PBXBuildFile section */
		CEDC90A8246BC84400798733 /* AppDelegate.swift in Sources */ = {isa = PBXBuildFile; fileRef = CEDC90A7246BC84400798733 /* AppDelegate.swift */; };
		CEDC90AA246BC84400798733 /* SceneDelegate.swift in Sources */ = {isa = PBXBuildFile; fileRef = CEDC90A9246BC84400798733 /* SceneDelegate.swift */; };
		CEDC90AC246BC84400798733 /* Bar01VC.swift in Sources */ = {isa = PBXBuildFile; fileRef = CEDC90AB246BC84400798733 /* Bar01VC.swift */; };
		CEDC90AF246BC84400798733 /* Main.storyboard in Resources */ = {isa = PBXBuildFile; fileRef = CEDC90AD246BC84400798733 /* Main.storyboard */; };
		CEDC90B1246BC84600798733 /* Assets.xcassets in Resources */ = {isa = PBXBuildFile; fileRef = CEDC90B0246BC84600798733 /* Assets.xcassets */; };
		CEDC90B4246BC84600798733 /* LaunchScreen.storyboard in Resources */ = {isa = PBXBuildFile; fileRef = CEDC90B2246BC84600798733 /* LaunchScreen.storyboard */; };
		CEDC90E5246BCE5D00798733 /* iconsettings.png in Resources */ = {isa = PBXBuildFile; fileRef = CEDC90BE246BCE5B00798733 /* iconsettings.png */; };
		CEDC90E6246BCE5D00798733 /* iconsettings@2x.png in Resources */ = {isa = PBXBuildFile; fileRef = CEDC90BF246BCE5B00798733 /* iconsettings@2x.png */; };
		CEDC90E7246BCE5D00798733 /* iconsettings@3x.png in Resources */ = {isa = PBXBuildFile; fileRef = CEDC90C0246BCE5B00798733 /* iconsettings@3x.png */; };
		CEDC90E8246BCE5D00798733 /* iconweather.png in Resources */ = {isa = PBXBuildFile; fileRef = CEDC90C2246BCE5B00798733 /* iconweather.png */; };
		CEDC90E9246BCE5D00798733 /* iconweather@3x.png in Resources */ = {isa = PBXBuildFile; fileRef = CEDC90C3246BCE5B00798733 /* iconweather@3x.png */; };
		CEDC90EA246BCE5D00798733 /* iconweather@2x.png in Resources */ = {isa = PBXBuildFile; fileRef = CEDC90C4246BCE5B00798733 /* iconweather@2x.png */; };
		CEDC90EB246BCE5D00798733 /* tabbar@2x.png in Resources */ = {isa = PBXBuildFile; fileRef = CEDC90C6246BCE5B00798733 /* tabbar@2x.png */; };
		CEDC90EC246BCE5D00798733 /* tabbar@3x.png in Resources */ = {isa = PBXBuildFile; fileRef = CEDC90C7246BCE5B00798733 /* tabbar@3x.png */; };
		CEDC90ED246BCE5D00798733 /* tabbar.png in Resources */ = {isa = PBXBuildFile; fileRef = CEDC90C8246BCE5B00798733 /* tabbar.png */; };
		CEDC90EE246BCE5D00798733 /* husky@2x.png in Resources */ = {isa = PBXBuildFile; fileRef = CEDC90CA246BCE5B00798733 /* husky@2x.png */; };
		CEDC90EF246BCE5D00798733 /* husky@3x.png in Resources */ = {isa = PBXBuildFile; fileRef = CEDC90CB246BCE5B00798733 /* husky@3x.png */; };
		CEDC90F0246BCE5D00798733 /* husky.png in Resources */ = {isa = PBXBuildFile; fileRef = CEDC90CC246BCE5B00798733 /* husky.png */; };
		CEDC90F1246BCE5D00798733 /* lake.png in Resources */ = {isa = PBXBuildFile; fileRef = CEDC90CE246BCE5C00798733 /* lake.png */; };
		CEDC90F2246BCE5D00798733 /* lake@2x.png in Resources */ = {isa = PBXBuildFile; fileRef = CEDC90CF246BCE5C00798733 /* lake@2x.png */; };
		CEDC90F3246BCE5D00798733 /* lake@3x.png in Resources */ = {isa = PBXBuildFile; fileRef = CEDC90D0246BCE5C00798733 /* lake@3x.png */; };
		CEDC90F4246BCE5D00798733 /* door@2x.png in Resources */ = {isa = PBXBuildFile; fileRef = CEDC90D2246BCE5C00798733 /* door@2x.png */; };
		CEDC90F5246BCE5D00798733 /* door.png in Resources */ = {isa = PBXBuildFile; fileRef = CEDC90D3246BCE5C00798733 /* door.png */; };
		CEDC90F6246BCE5D00798733 /* door@3x.png in Resources */ = {isa = PBXBuildFile; fileRef = CEDC90D4246BCE5C00798733 /* door@3x.png */; };
		CEDC90F7246BCE5D00798733 /* backgroundbar@2x.png in Resources */ = {isa = PBXBuildFile; fileRef = CEDC90D6246BCE5C00798733 /* backgroundbar@2x.png */; };
		CEDC90F8246BCE5D00798733 /* backgroundbar@3x.png in Resources */ = {isa = PBXBuildFile; fileRef = CEDC90D7246BCE5C00798733 /* backgroundbar@3x.png */; };
		CEDC90F9246BCE5D00798733 /* backgroundbar.png in Resources */ = {isa = PBXBuildFile; fileRef = CEDC90D8246BCE5C00798733 /* backgroundbar.png */; };
		CEDC90FA246BCE5D00798733 /* clouds@2x.jpg in Resources */ = {isa = PBXBuildFile; fileRef = CEDC90DA246BCE5C00798733 /* clouds@2x.jpg */; };
		CEDC90FB246BCE5D00798733 /* clouds.jpg in Resources */ = {isa = PBXBuildFile; fileRef = CEDC90DB246BCE5C00798733 /* clouds.jpg */; };
		CEDC90FC246BCE5D00798733 /* clouds@3x.jpg in Resources */ = {isa = PBXBuildFile; fileRef = CEDC90DC246BCE5C00798733 /* clouds@3x.jpg */; };
		CEDC90FD246BCE5D00798733 /* buttonplus@2x.png in Resources */ = {isa = PBXBuildFile; fileRef = CEDC90DE246BCE5C00798733 /* buttonplus@2x.png */; };
		CEDC90FE246BCE5D00798733 /* buttonplus@3x.png in Resources */ = {isa = PBXBuildFile; fileRef = CEDC90DF246BCE5C00798733 /* buttonplus@3x.png */; };
		CEDC90FF246BCE5D00798733 /* buttonplus.png in Resources */ = {isa = PBXBuildFile; fileRef = CEDC90E0246BCE5C00798733 /* buttonplus.png */; };
		CEDC9100246BCE5D00798733 /* buttonpluslandscape@2x.png in Resources */ = {isa = PBXBuildFile; fileRef = CEDC90E2246BCE5D00798733 /* buttonpluslandscape@2x.png */; };
		CEDC9101246BCE5D00798733 /* buttonpluslandscape.png in Resources */ = {isa = PBXBuildFile; fileRef = CEDC90E3246BCE5D00798733 /* buttonpluslandscape.png */; };
		CEDC9102246BCE5D00798733 /* buttonpluslandscape@3x.png in Resources */ = {isa = PBXBuildFile; fileRef = CEDC90E4246BCE5D00798733 /* buttonpluslandscape@3x.png */; };
/* End PBXBuildFile section */

/* Begin PBXFileReference section */
		CEDC90A4246BC84400798733 /* NavigationBar0513.app */ = {isa = PBXFileReference; explicitFileType = wrapper.application; includeInIndex = 0; path = NavigationBar0513.app; sourceTree = BUILT_PRODUCTS_DIR; };
		CEDC90A7246BC84400798733 /* AppDelegate.swift */ = {isa = PBXFileReference; lastKnownFileType = sourcecode.swift; path = AppDelegate.swift; sourceTree = "<group>"; };
		CEDC90A9246BC84400798733 /* SceneDelegate.swift */ = {isa = PBXFileReference; lastKnownFileType = sourcecode.swift; path = SceneDelegate.swift; sourceTree = "<group>"; };
		CEDC90AB246BC84400798733 /* Bar01VC.swift */ = {isa = PBXFileReference; lastKnownFileType = sourcecode.swift; path = Bar01VC.swift; sourceTree = "<group>"; };
		CEDC90AE246BC84400798733 /* Base */ = {isa = PBXFileReference; lastKnownFileType = file.storyboard; name = Base; path = Base.lproj/Main.storyboard; sourceTree = "<group>"; };
		CEDC90B0246BC84600798733 /* Assets.xcassets */ = {isa = PBXFileReference; lastKnownFileType = folder.assetcatalog; path = Assets.xcassets; sourceTree = "<group>"; };
		CEDC90B3246BC84600798733 /* Base */ = {isa = PBXFileReference; lastKnownFileType = file.storyboard; name = Base; path = Base.lproj/LaunchScreen.storyboard; sourceTree = "<group>"; };
		CEDC90B5246BC84600798733 /* Info.plist */ = {isa = PBXFileReference; lastKnownFileType = text.plist.xml; path = Info.plist; sourceTree = "<group>"; };
		CEDC90BE246BCE5B00798733 /* iconsettings.png */ = {isa = PBXFileReference; lastKnownFileType = image.png; path = iconsettings.png; sourceTree = "<group>"; };
		CEDC90BF246BCE5B00798733 /* iconsettings@2x.png */ = {isa = PBXFileReference; lastKnownFileType = image.png; path = "iconsettings@2x.png"; sourceTree = "<group>"; };
		CEDC90C0246BCE5B00798733 /* iconsettings@3x.png */ = {isa = PBXFileReference; lastKnownFileType = image.png; path = "iconsettings@3x.png"; sourceTree = "<group>"; };
		CEDC90C2246BCE5B00798733 /* iconweather.png */ = {isa = PBXFileReference; lastKnownFileType = image.png; path = iconweather.png; sourceTree = "<group>"; };
		CEDC90C3246BCE5B00798733 /* iconweather@3x.png */ = {isa = PBXFileReference; lastKnownFileType = image.png; path = "iconweather@3x.png"; sourceTree = "<group>"; };
		CEDC90C4246BCE5B00798733 /* iconweather@2x.png */ = {isa = PBXFileReference; lastKnownFileType = image.png; path = "iconweather@2x.png"; sourceTree = "<group>"; };
		CEDC90C6246BCE5B00798733 /* tabbar@2x.png */ = {isa = PBXFileReference; lastKnownFileType = image.png; path = "tabbar@2x.png"; sourceTree = "<group>"; };
		CEDC90C7246BCE5B00798733 /* tabbar@3x.png */ = {isa = PBXFileReference; lastKnownFileType = image.png; path = "tabbar@3x.png"; sourceTree = "<group>"; };
		CEDC90C8246BCE5B00798733 /* tabbar.png */ = {isa = PBXFileReference; lastKnownFileType = image.png; path = tabbar.png; sourceTree = "<group>"; };
		CEDC90CA246BCE5B00798733 /* husky@2x.png */ = {isa = PBXFileReference; lastKnownFileType = image.png; path = "husky@2x.png"; sourceTree = "<group>"; };
		CEDC90CB246BCE5B00798733 /* husky@3x.png */ = {isa = PBXFileReference; lastKnownFileType = image.png; path = "husky@3x.png"; sourceTree = "<group>"; };
		CEDC90CC246BCE5B00798733 /* husky.png */ = {isa = PBXFileReference; lastKnownFileType = image.png; path = husky.png; sourceTree = "<group>"; };
		CEDC90CE246BCE5C00798733 /* lake.png */ = {isa = PBXFileReference; lastKnownFileType = image.png; path = lake.png; sourceTree = "<group>"; };
		CEDC90CF246BCE5C00798733 /* lake@2x.png */ = {isa = PBXFileReference; lastKnownFileType = image.png; path = "lake@2x.png"; sourceTree = "<group>"; };
		CEDC90D0246BCE5C00798733 /* lake@3x.png */ = {isa = PBXFileReference; lastKnownFileType = image.png; path = "lake@3x.png"; sourceTree = "<group>"; };
		CEDC90D2246BCE5C00798733 /* door@2x.png */ = {isa = PBXFileReference; lastKnownFileType = image.png; path = "door@2x.png"; sourceTree = "<group>"; };
		CEDC90D3246BCE5C00798733 /* door.png */ = {isa = PBXFileReference; lastKnownFileType = image.png; path = door.png; sourceTree = "<group>"; };
		CEDC90D4246BCE5C00798733 /* door@3x.png */ = {isa = PBXFileReference; lastKnownFileType = image.png; path = "door@3x.png"; sourceTree = "<group>"; };
		CEDC90D6246BCE5C00798733 /* backgroundbar@2x.png */ = {isa = PBXFileReference; lastKnownFileType = image.png; path = "backgroundbar@2x.png"; sourceTree = "<group>"; };
		CEDC90D7246BCE5C00798733 /* backgroundbar@3x.png */ = {isa = PBXFileReference; lastKnownFileType = image.png; path = "backgroundbar@3x.png"; sourceTree = "<group>"; };
		CEDC90D8246BCE5C00798733 /* backgroundbar.png */ = {isa = PBXFileReference; lastKnownFileType = image.png; path = backgroundbar.png; sourceTree = "<group>"; };
		CEDC90DA246BCE5C00798733 /* clouds@2x.jpg */ = {isa = PBXFileReference; lastKnownFileType = image.jpeg; path = "clouds@2x.jpg"; sourceTree = "<group>"; };
		CEDC90DB246BCE5C00798733 /* clouds.jpg */ = {isa = PBXFileReference; lastKnownFileType = image.jpeg; path = clouds.jpg; sourceTree = "<group>"; };
		CEDC90DC246BCE5C00798733 /* clouds@3x.jpg */ = {isa = PBXFileReference; lastKnownFileType = image.jpeg; path = "clouds@3x.jpg"; sourceTree = "<group>"; };
		CEDC90DE246BCE5C00798733 /* buttonplus@2x.png */ = {isa = PBXFileReference; lastKnownFileType = image.png; path = "buttonplus@2x.png"; sourceTree = "<group>"; };
		CEDC90DF246BCE5C00798733 /* buttonplus@3x.png */ = {isa = PBXFileReference; lastKnownFileType = image.png; path = "buttonplus@3x.png"; sourceTree = "<group>"; };
		CEDC90E0246BCE5C00798733 /* buttonplus.png */ = {isa = PBXFileReference; lastKnownFileType = image.png; path = buttonplus.png; sourceTree = "<group>"; };
		CEDC90E2246BCE5D00798733 /* buttonpluslandscape@2x.png */ = {isa = PBXFileReference; lastKnownFileType = image.png; path = "buttonpluslandscape@2x.png"; sourceTree = "<group>"; };
		CEDC90E3246BCE5D00798733 /* buttonpluslandscape.png */ = {isa = PBXFileReference; lastKnownFileType = image.png; path = buttonpluslandscape.png; sourceTree = "<group>"; };
		CEDC90E4246BCE5D00798733 /* buttonpluslandscape@3x.png */ = {isa = PBXFileReference; lastKnownFileType = image.png; path = "buttonpluslandscape@3x.png"; sourceTree = "<group>"; };
/* End PBXFileReference section */

/* Begin PBXFrameworksBuildPhase section */
		CEDC90A1246BC84400798733 /* Frameworks */ = {
			isa = PBXFrameworksBuildPhase;
			buildActionMask = 2147483647;
			files = (
			);
			runOnlyForDeploymentPostprocessing = 0;
		};
/* End PBXFrameworksBuildPhase section */

/* Begin PBXGroup section */
		CEDC909B246BC84400798733 = {
			isa = PBXGroup;
			children = (
				CEDC90A6246BC84400798733 /* NavigationBar0513 */,
				CEDC90A5246BC84400798733 /* Products */,
			);
			sourceTree = "<group>";
		};
		CEDC90A5246BC84400798733 /* Products */ = {
			isa = PBXGroup;
			children = (
				CEDC90A4246BC84400798733 /* NavigationBar0513.app */,
			);
			name = Products;
			sourceTree = "<group>";
		};
		CEDC90A6246BC84400798733 /* NavigationBar0513 */ = {
			isa = PBXGroup;
			children = (
				CEDC90A7246BC84400798733 /* AppDelegate.swift */,
				CEDC90A9246BC84400798733 /* SceneDelegate.swift */,
				CEDC90AB246BC84400798733 /* Bar01VC.swift */,
				CEDC90AD246BC84400798733 /* Main.storyboard */,
				CEDC90B0246BC84600798733 /* Assets.xcassets */,
				CEDC90D5246BCE5C00798733 /* backgroundbar */,
				CEDC90DD246BCE5C00798733 /* buttonplus */,
				CEDC90E1246BCE5D00798733 /* buttonpluslandscape */,
				CEDC90D9246BCE5C00798733 /* clouds */,
				CEDC90D1246BCE5C00798733 /* door */,
				CEDC90C9246BCE5B00798733 /* husky */,
				CEDC90BD246BCE5B00798733 /* iconsettings */,
				CEDC90C1246BCE5B00798733 /* iconweather */,
				CEDC90CD246BCE5C00798733 /* lake */,
				CEDC90C5246BCE5B00798733 /* tabbar */,
				CEDC90B2246BC84600798733 /* LaunchScreen.storyboard */,
				CEDC90B5246BC84600798733 /* Info.plist */,
			);
			path = NavigationBar0513;
			sourceTree = "<group>";
		};
		CEDC90BD246BCE5B00798733 /* iconsettings */ = {
			isa = PBXGroup;
			children = (
				CEDC90BE246BCE5B00798733 /* iconsettings.png */,
				CEDC90BF246BCE5B00798733 /* iconsettings@2x.png */,
				CEDC90C0246BCE5B00798733 /* iconsettings@3x.png */,
			);
			path = iconsettings;
			sourceTree = "<group>";
		};
		CEDC90C1246BCE5B00798733 /* iconweather */ = {
			isa = PBXGroup;
			children = (
				CEDC90C2246BCE5B00798733 /* iconweather.png */,
				CEDC90C3246BCE5B00798733 /* iconweather@3x.png */,
				CEDC90C4246BCE5B00798733 /* iconweather@2x.png */,
			);
			path = iconweather;
			sourceTree = "<group>";
		};
		CEDC90C5246BCE5B00798733 /* tabbar */ = {
			isa = PBXGroup;
			children = (
				CEDC90C6246BCE5B00798733 /* tabbar@2x.png */,
				CEDC90C7246BCE5B00798733 /* tabbar@3x.png */,
				CEDC90C8246BCE5B00798733 /* tabbar.png */,
			);
			path = tabbar;
			sourceTree = "<group>";
		};
		CEDC90C9246BCE5B00798733 /* husky */ = {
			isa = PBXGroup;
			children = (
				CEDC90CA246BCE5B00798733 /* husky@2x.png */,
				CEDC90CB246BCE5B00798733 /* husky@3x.png */,
				CEDC90CC246BCE5B00798733 /* husky.png */,
			);
			path = husky;
			sourceTree = "<group>";
		};
		CEDC90CD246BCE5C00798733 /* lake */ = {
			isa = PBXGroup;
			children = (
				CEDC90CE246BCE5C00798733 /* lake.png */,
				CEDC90CF246BCE5C00798733 /* lake@2x.png */,
				CEDC90D0246BCE5C00798733 /* lake@3x.png */,
			);
			path = lake;
			sourceTree = "<group>";
		};
		CEDC90D1246BCE5C00798733 /* door */ = {
			isa = PBXGroup;
			children = (
				CEDC90D2246BCE5C00798733 /* door@2x.png */,
				CEDC90D3246BCE5C00798733 /* door.png */,
				CEDC90D4246BCE5C00798733 /* door@3x.png */,
			);
			path = door;
			sourceTree = "<group>";
		};
		CEDC90D5246BCE5C00798733 /* backgroundbar */ = {
			isa = PBXGroup;
			children = (
				CEDC90D6246BCE5C00798733 /* backgroundbar@2x.png */,
				CEDC90D7246BCE5C00798733 /* backgroundbar@3x.png */,
				CEDC90D8246BCE5C00798733 /* backgroundbar.png */,
			);
			path = backgroundbar;
			sourceTree = "<group>";
		};
		CEDC90D9246BCE5C00798733 /* clouds */ = {
			isa = PBXGroup;
			children = (
				CEDC90DA246BCE5C00798733 /* clouds@2x.jpg */,
				CEDC90DB246BCE5C00798733 /* clouds.jpg */,
				CEDC90DC246BCE5C00798733 /* clouds@3x.jpg */,
			);
			path = clouds;
			sourceTree = "<group>";
		};
		CEDC90DD246BCE5C00798733 /* buttonplus */ = {
			isa = PBXGroup;
			children = (
				CEDC90DE246BCE5C00798733 /* buttonplus@2x.png */,
				CEDC90DF246BCE5C00798733 /* buttonplus@3x.png */,
				CEDC90E0246BCE5C00798733 /* buttonplus.png */,
			);
			path = buttonplus;
			sourceTree = "<group>";
		};
		CEDC90E1246BCE5D00798733 /* buttonpluslandscape */ = {
			isa = PBXGroup;
			children = (
				CEDC90E2246BCE5D00798733 /* buttonpluslandscape@2x.png */,
				CEDC90E3246BCE5D00798733 /* buttonpluslandscape.png */,
				CEDC90E4246BCE5D00798733 /* buttonpluslandscape@3x.png */,
			);
			path = buttonpluslandscape;
			sourceTree = "<group>";
		};
/* End PBXGroup section */

/* Begin PBXNativeTarget section */
		CEDC90A3246BC84400798733 /* NavigationBar0513 */ = {
			isa = PBXNativeTarget;
			buildConfigurationList = CEDC90B8246BC84600798733 /* Build configuration list for PBXNativeTarget "NavigationBar0513" */;
			buildPhases = (
				CEDC90A0246BC84400798733 /* Sources */,
				CEDC90A1246BC84400798733 /* Frameworks */,
				CEDC90A2246BC84400798733 /* Resources */,
			);
			buildRules = (
			);
			dependencies = (
			);
			name = NavigationBar0513;
			productName = NavigationBar0513;
			productReference = CEDC90A4246BC84400798733 /* NavigationBar0513.app */;
			productType = "com.apple.product-type.application";
		};
/* End PBXNativeTarget section */

/* Begin PBXProject section */
		CEDC909C246BC84400798733 /* Project object */ = {
			isa = PBXProject;
			attributes = {
				LastSwiftUpdateCheck = 1140;
				LastUpgradeCheck = 1140;
				ORGANIZATIONNAME = leslie;
				TargetAttributes = {
					CEDC90A3246BC84400798733 = {
						CreatedOnToolsVersion = 11.4.1;
					};
				};
			};
			buildConfigurationList = CEDC909F246BC84400798733 /* Build configuration list for PBXProject "NavigationBar0513" */;
			compatibilityVersion = "Xcode 9.3";
			developmentRegion = en;
			hasScannedForEncodings = 0;
			knownRegions = (
				en,
				Base,
			);
			mainGroup = CEDC909B246BC84400798733;
			productRefGroup = CEDC90A5246BC84400798733 /* Products */;
			projectDirPath = "";
			projectRoot = "";
			targets = (
				CEDC90A3246BC84400798733 /* NavigationBar0513 */,
			);
		};
/* End PBXProject section */

/* Begin PBXResourcesBuildPhase section */
		CEDC90A2246BC84400798733 /* Resources */ = {
			isa = PBXResourcesBuildPhase;
			buildActionMask = 2147483647;
			files = (
				CEDC90F8246BCE5D00798733 /* backgroundbar@3x.png in Resources */,
				CEDC90F4246BCE5D00798733 /* door@2x.png in Resources */,
				CEDC90FA246BCE5D00798733 /* clouds@2x.jpg in Resources */,
				CEDC90B4246BC84600798733 /* LaunchScreen.storyboard in Resources */,
				CEDC90F2246BCE5D00798733 /* lake@2x.png in Resources */,
				CEDC90ED246BCE5D00798733 /* tabbar.png in Resources */,
				CEDC90E9246BCE5D00798733 /* iconweather@3x.png in Resources */,
				CEDC9100246BCE5D00798733 /* buttonpluslandscape@2x.png in Resources */,
				CEDC90F3246BCE5D00798733 /* lake@3x.png in Resources */,
				CEDC90E7246BCE5D00798733 /* iconsettings@3x.png in Resources */,
				CEDC90E6246BCE5D00798733 /* iconsettings@2x.png in Resources */,
				CEDC90EE246BCE5D00798733 /* husky@2x.png in Resources */,
				CEDC90EC246BCE5D00798733 /* tabbar@3x.png in Resources */,
				CEDC90F0246BCE5D00798733 /* husky.png in Resources */,
				CEDC90F5246BCE5D00798733 /* door.png in Resources */,
				CEDC90F1246BCE5D00798733 /* lake.png in Resources */,
				CEDC90E5246BCE5D00798733 /* iconsettings.png in Resources */,
				CEDC90B1246BC84600798733 /* Assets.xcassets in Resources */,
				CEDC90EB246BCE5D00798733 /* tabbar@2x.png in Resources */,
				CEDC9102246BCE5D00798733 /* buttonpluslandscape@3x.png in Resources */,
				CEDC90F9246BCE5D00798733 /* backgroundbar.png in Resources */,
				CEDC90FE246BCE5D00798733 /* buttonplus@3x.png in Resources */,
				CEDC9101246BCE5D00798733 /* buttonpluslandscape.png in Resources */,
				CEDC90AF246BC84400798733 /* Main.storyboard in Resources */,
				CEDC90E8246BCE5D00798733 /* iconweather.png in Resources */,
				CEDC90EF246BCE5D00798733 /* husky@3x.png in Resources */,
				CEDC90FD246BCE5D00798733 /* buttonplus@2x.png in Resources */,
				CEDC90EA246BCE5D00798733 /* iconweather@2x.png in Resources */,
				CEDC90FB246BCE5D00798733 /* clouds.jpg in Resources */,
				CEDC90F7246BCE5D00798733 /* backgroundbar@2x.png in Resources */,
				CEDC90FF246BCE5D00798733 /* buttonplus.png in Resources */,
				CEDC90FC246BCE5D00798733 /* clouds@3x.jpg in Resources */,
				CEDC90F6246BCE5D00798733 /* door@3x.png in Resources */,
			);
			runOnlyForDeploymentPostprocessing = 0;
		};
/* End PBXResourcesBuildPhase section */

/* Begin PBXSourcesBuildPhase section */
		CEDC90A0246BC84400798733 /* Sources */ = {
			isa = PBXSourcesBuildPhase;
			buildActionMask = 2147483647;
			files = (
				CEDC90AC246BC84400798733 /* Bar01VC.swift in Sources */,
				CEDC90A8246BC84400798733 /* AppDelegate.swift in Sources */,
				CEDC90AA246BC84400798733 /* SceneDelegate.swift in Sources */,
			);
			runOnlyForDeploymentPostprocessing = 0;
		};
/* End PBXSourcesBuildPhase section */

/* Begin PBXVariantGroup section */
		CEDC90AD246BC84400798733 /* Main.storyboard */ = {
			isa = PBXVariantGroup;
			children = (
				CEDC90AE246BC84400798733 /* Base */,
			);
			name = Main.storyboard;
			sourceTree = "<group>";
		};
		CEDC90B2246BC84600798733 /* LaunchScreen.storyboard */ = {
			isa = PBXVariantGroup;
			children = (
				CEDC90B3246BC84600798733 /* Base */,
			);
			name = LaunchScreen.storyboard;
			sourceTree = "<group>";
		};
/* End PBXVariantGroup section */

/* Begin XCBuildConfiguration section */
		CEDC90B6246BC84600798733 /* Debug */ = {
			isa = XCBuildConfiguration;
			buildSettings = {
				ALWAYS_SEARCH_USER_PATHS = NO;
				CLANG_ANALYZER_NONNULL = YES;
				CLANG_ANALYZER_NUMBER_OBJECT_CONVERSION = YES_AGGRESSIVE;
				CLANG_CXX_LANGUAGE_STANDARD = "gnu++14";
				CLANG_CXX_LIBRARY = "libc++";
				CLANG_ENABLE_MODULES = YES;
				CLANG_ENABLE_OBJC_ARC = YES;
				CLANG_ENABLE_OBJC_WEAK = YES;
				CLANG_WARN_BLOCK_CAPTURE_AUTORELEASING = YES;
				CLANG_WARN_BOOL_CONVERSION = YES;
				CLANG_WARN_COMMA = YES;
				CLANG_WARN_CONSTANT_CONVERSION = YES;
				CLANG_WARN_DEPRECATED_OBJC_IMPLEMENTATIONS = YES;
				CLANG_WARN_DIRECT_OBJC_ISA_USAGE = YES_ERROR;
				CLANG_WARN_DOCUMENTATION_COMMENTS = YES;
				CLANG_WARN_EMPTY_BODY = YES;
				CLANG_WARN_ENUM_CONVERSION = YES;
				CLANG_WARN_INFINITE_RECURSION = YES;
				CLANG_WARN_INT_CONVERSION = YES;
				CLANG_WARN_NON_LITERAL_NULL_CONVERSION = YES;
				CLANG_WARN_OBJC_IMPLICIT_RETAIN_SELF = YES;
				CLANG_WARN_OBJC_LITERAL_CONVERSION = YES;
				CLANG_WARN_OBJC_ROOT_CLASS = YES_ERROR;
				CLANG_WARN_RANGE_LOOP_ANALYSIS = YES;
				CLANG_WARN_STRICT_PROTOTYPES = YES;
				CLANG_WARN_SUSPICIOUS_MOVE = YES;
				CLANG_WARN_UNGUARDED_AVAILABILITY = YES_AGGRESSIVE;
				CLANG_WARN_UNREACHABLE_CODE = YES;
				CLANG_WARN__DUPLICATE_METHOD_MATCH = YES;
				COPY_PHASE_STRIP = NO;
				DEBUG_INFORMATION_FORMAT = dwarf;
				ENABLE_STRICT_OBJC_MSGSEND = YES;
				ENABLE_TESTABILITY = YES;
				GCC_C_LANGUAGE_STANDARD = gnu11;
				GCC_DYNAMIC_NO_PIC = NO;
				GCC_NO_COMMON_BLOCKS = YES;
				GCC_OPTIMIZATION_LEVEL = 0;
				GCC_PREPROCESSOR_DEFINITIONS = (
					"DEBUG=1",
					"$(inherited)",
				);
				GCC_WARN_64_TO_32_BIT_CONVERSION = YES;
				GCC_WARN_ABOUT_RETURN_TYPE = YES_ERROR;
				GCC_WARN_UNDECLARED_SELECTOR = YES;
				GCC_WARN_UNINITIALIZED_AUTOS = YES_AGGRESSIVE;
				GCC_WARN_UNUSED_FUNCTION = YES;
				GCC_WARN_UNUSED_VARIABLE = YES;
				IPHONEOS_DEPLOYMENT_TARGET = 13.4;
				MTL_ENABLE_DEBUG_INFO = INCLUDE_SOURCE;
				MTL_FAST_MATH = YES;
				ONLY_ACTIVE_ARCH = YES;
				SDKROOT = iphoneos;
				SWIFT_ACTIVE_COMPILATION_CONDITIONS = DEBUG;
				SWIFT_OPTIMIZATION_LEVEL = "-Onone";
			};
			name = Debug;
		};
		CEDC90B7246BC84600798733 /* Release */ = {
			isa = XCBuildConfiguration;
			buildSettings = {
				ALWAYS_SEARCH_USER_PATHS = NO;
				CLANG_ANALYZER_NONNULL = YES;
				CLANG_ANALYZER_NUMBER_OBJECT_CONVERSION = YES_AGGRESSIVE;
				CLANG_CXX_LANGUAGE_STANDARD = "gnu++14";
				CLANG_CXX_LIBRARY = "libc++";
				CLANG_ENABLE_MODULES = YES;
				CLANG_ENABLE_OBJC_ARC = YES;
				CLANG_ENABLE_OBJC_WEAK = YES;
				CLANG_WARN_BLOCK_CAPTURE_AUTORELEASING = YES;
				CLANG_WARN_BOOL_CONVERSION = YES;
				CLANG_WARN_COMMA = YES;
				CLANG_WARN_CONSTANT_CONVERSION = YES;
				CLANG_WARN_DEPRECATED_OBJC_IMPLEMENTATIONS = YES;
				CLANG_WARN_DIRECT_OBJC_ISA_USAGE = YES_ERROR;
				CLANG_WARN_DOCUMENTATION_COMMENTS = YES;
				CLANG_WARN_EMPTY_BODY = YES;
				CLANG_WARN_ENUM_CONVERSION = YES;
				CLANG_WARN_INFINITE_RECURSION = YES;
				CLANG_WARN_INT_CONVERSION = YES;
				CLANG_WARN_NON_LITERAL_NULL_CONVERSION = YES;
				CLANG_WARN_OBJC_IMPLICIT_RETAIN_SELF = YES;
				CLANG_WARN_OBJC_LITERAL_CONVERSION = YES;
				CLANG_WARN_OBJC_ROOT_CLASS = YES_ERROR;
				CLANG_WARN_RANGE_LOOP_ANALYSIS = YES;
				CLANG_WARN_STRICT_PROTOTYPES = YES;
				CLANG_WARN_SUSPICIOUS_MOVE = YES;
				CLANG_WARN_UNGUARDED_AVAILABILITY = YES_AGGRESSIVE;
				CLANG_WARN_UNREACHABLE_CODE = YES;
				CLANG_WARN__DUPLICATE_METHOD_MATCH = YES;
				COPY_PHASE_STRIP = NO;
				DEBUG_INFORMATION_FORMAT = "dwarf-with-dsym";
				ENABLE_NS_ASSERTIONS = NO;
				ENABLE_STRICT_OBJC_MSGSEND = YES;
				GCC_C_LANGUAGE_STANDARD = gnu11;
				GCC_NO_COMMON_BLOCKS = YES;
				GCC_WARN_64_TO_32_BIT_CONVERSION = YES;
				GCC_WARN_ABOUT_RETURN_TYPE = YES_ERROR;
				GCC_WARN_UNDECLARED_SELECTOR = YES;
				GCC_WARN_UNINITIALIZED_AUTOS = YES_AGGRESSIVE;
				GCC_WARN_UNUSED_FUNCTION = YES;
				GCC_WARN_UNUSED_VARIABLE = YES;
				IPHONEOS_DEPLOYMENT_TARGET = 13.4;
				MTL_ENABLE_DEBUG_INFO = NO;
				MTL_FAST_MATH = YES;
				SDKROOT = iphoneos;
				SWIFT_COMPILATION_MODE = wholemodule;
				SWIFT_OPTIMIZATION_LEVEL = "-O";
				VALIDATE_PRODUCT = YES;
			};
			name = Release;
		};
		CEDC90B9246BC84600798733 /* Debug */ = {
			isa = XCBuildConfiguration;
			buildSettings = {
				ASSETCATALOG_COMPILER_APPICON_NAME = AppIcon;
				CODE_SIGN_STYLE = Automatic;
				DEVELOPMENT_TEAM = PDY29GF949;
				INFOPLIST_FILE = NavigationBar0513/Info.plist;
				LD_RUNPATH_SEARCH_PATHS = (
					"$(inherited)",
					"@executable_path/Frameworks",
				);
				PRODUCT_BUNDLE_IDENTIFIER = com.gmail.appl.leslie.NavigationBar0513;
				PRODUCT_NAME = "$(TARGET_NAME)";
				SWIFT_VERSION = 5.0;
				TARGETED_DEVICE_FAMILY = "1,2";
			};
			name = Debug;
		};
		CEDC90BA246BC84600798733 /* Release */ = {
			isa = XCBuildConfiguration;
			buildSettings = {
				ASSETCATALOG_COMPILER_APPICON_NAME = AppIcon;
				CODE_SIGN_STYLE = Automatic;
				DEVELOPMENT_TEAM = PDY29GF949;
				INFOPLIST_FILE = NavigationBar0513/Info.plist;
				LD_RUNPATH_SEARCH_PATHS = (
					"$(inherited)",
					"@executable_path/Frameworks",
				);
				PRODUCT_BUNDLE_IDENTIFIER = com.gmail.appl.leslie.NavigationBar0513;
				PRODUCT_NAME = "$(TARGET_NAME)";
				SWIFT_VERSION = 5.0;
				TARGETED_DEVICE_FAMILY = "1,2";
			};
			name = Release;
		};
/* End XCBuildConfiguration section */

/* Begin XCConfigurationList section */
		CEDC909F246BC84400798733 /* Build configuration list for PBXProject "NavigationBar0513" */ = {
			isa = XCConfigurationList;
			buildConfigurations = (
				CEDC90B6246BC84600798733 /* Debug */,
				CEDC90B7246BC84600798733 /* Release */,
			);
			defaultConfigurationIsVisible = 0;
			defaultConfigurationName = Release;
		};
		CEDC90B8246BC84600798733 /* Build configuration list for PBXNativeTarget "NavigationBar0513" */ = {
			isa = XCConfigurationList;
			buildConfigurations = (
				CEDC90B9246BC84600798733 /* Debug */,
				CEDC90BA246BC84600798733 /* Release */,
			);
			defaultConfigurationIsVisible = 0;
			defaultConfigurationName = Release;
		};
/* End XCConfigurationList section */
	};
	rootObject = CEDC909C246BC84400798733 /* Project object */;
}
